// !$*UTF8*$!
{
	archiveVersion = 1;
	classes = {
	};
	objectVersion = 50;
	objects = {

/* Begin PBXBuildFile section */
		C2B8426A255AE2AF00BCD974 /* AppDelegate.swift in Sources */ = {isa = PBXBuildFile; fileRef = C2B84269255AE2AF00BCD974 /* AppDelegate.swift */; };
		C2B8426C255AE2AF00BCD974 /* SceneDelegate.swift in Sources */ = {isa = PBXBuildFile; fileRef = C2B8426B255AE2AF00BCD974 /* SceneDelegate.swift */; };
		C2B8426E255AE2AF00BCD974 /* ViewController.swift in Sources */ = {isa = PBXBuildFile; fileRef = C2B8426D255AE2AF00BCD974 /* ViewController.swift */; };
		C2B84271255AE2AF00BCD974 /* Main.storyboard in Resources */ = {isa = PBXBuildFile; fileRef = C2B8426F255AE2AF00BCD974 /* Main.storyboard */; };
		C2B84273255AE2B100BCD974 /* Assets.xcassets in Resources */ = {isa = PBXBuildFile; fileRef = C2B84272255AE2B100BCD974 /* Assets.xcassets */; };
		C2B84276255AE2B100BCD974 /* LaunchScreen.storyboard in Resources */ = {isa = PBXBuildFile; fileRef = C2B84274255AE2B100BCD974 /* LaunchScreen.storyboard */; };
/* End PBXBuildFile section */

/* Begin PBXFileReference section */
		C2B84266255AE2AF00BCD974 /* Game 1 Example.app */ = {isa = PBXFileReference; explicitFileType = wrapper.application; includeInIndex = 0; path = "Game 1 Example.app"; sourceTree = BUILT_PRODUCTS_DIR; };
		C2B84269255AE2AF00BCD974 /* AppDelegate.swift */ = {isa = PBXFileReference; lastKnownFileType = sourcecode.swift; path = AppDelegate.swift; sourceTree = "<group>"; };
		C2B8426B255AE2AF00BCD974 /* SceneDelegate.swift */ = {isa = PBXFileReference; lastKnownFileType = sourcecode.swift; path = SceneDelegate.swift; sourceTree = "<group>"; };
		C2B8426D255AE2AF00BCD974 /* ViewController.swift */ = {isa = PBXFileReference; lastKnownFileType = sourcecode.swift; path = ViewController.swift; sourceTree = "<group>"; };
		C2B84270255AE2AF00BCD974 /* Base */ = {isa = PBXFileReference; lastKnownFileType = file.storyboard; name = Base; path = Base.lproj/Main.storyboard; sourceTree = "<group>"; };
		C2B84272255AE2B100BCD974 /* Assets.xcassets */ = {isa = PBXFileReference; lastKnownFileType = folder.assetcatalog; path = Assets.xcassets; sourceTree = "<group>"; };
		C2B84275255AE2B100BCD974 /* Base */ = {isa = PBXFileReference; lastKnownFileType = file.storyboard; name = Base; path = Base.lproj/LaunchScreen.storyboard; sourceTree = "<group>"; };
		C2B84277255AE2B100BCD974 /* Info.plist */ = {isa = PBXFileReference; lastKnownFileType = text.plist.xml; path = Info.plist; sourceTree = "<group>"; };
/* End PBXFileReference section */

/* Begin PBXFrameworksBuildPhase section */
		C2B84263255AE2AF00BCD974 /* Frameworks */ = {
			isa = PBXFrameworksBuildPhase;
			buildActionMask = 2147483647;
			files = (
			);
			runOnlyForDeploymentPostprocessing = 0;
		};
/* End PBXFrameworksBuildPhase section */

/* Begin PBXGroup section */
		C2B8425D255AE2AF00BCD974 = {
			isa = PBXGroup;
			children = (
				C2B84268255AE2AF00BCD974 /* Game 1 Example */,
				C2B84267255AE2AF00BCD974 /* Products */,
			);
			sourceTree = "<group>";
		};
		C2B84267255AE2AF00BCD974 /* Products */ = {
			isa = PBXGroup;
			children = (
				C2B84266255AE2AF00BCD974 /* Game 1 Example.app */,
			);
			name = Products;
			sourceTree = "<group>";
		};
		C2B84268255AE2AF00BCD974 /* Game 1 Example */ = {
			isa = PBXGroup;
			children = (
				C2B84269255AE2AF00BCD974 /* AppDelegate.swift */,
				C2B8426B255AE2AF00BCD974 /* SceneDelegate.swift */,
				C2B8426D255AE2AF00BCD974 /* ViewController.swift */,
				C2B8426F255AE2AF00BCD974 /* Main.storyboard */,
				C2B84272255AE2B100BCD974 /* Assets.xcassets */,
				C2B84274255AE2B100BCD974 /* LaunchScreen.storyboard */,
				C2B84277255AE2B100BCD974 /* Info.plist */,
			);
			path = "Game 1 Example";
			sourceTree = "<group>";
		};
/* End PBXGroup section */

/* Begin PBXNativeTarget section */
		C2B84265255AE2AF00BCD974 /* Game 1 Example */ = {
			isa = PBXNativeTarget;
			buildConfigurationList = C2B8427A255AE2B100BCD974 /* Build configuration list for PBXNativeTarget "Game 1 Example" */;
			buildPhases = (
				C2B84262255AE2AF00BCD974 /* Sources */,
				C2B84263255AE2AF00BCD974 /* Frameworks */,
				C2B84264255AE2AF00BCD974 /* Resources */,
			);
			buildRules = (
			);
			dependencies = (
			);
			name = "Game 1 Example";
			productName = "Game 1 Example";
			productReference = C2B84266255AE2AF00BCD974 /* Game 1 Example.app */;
			productType = "com.apple.product-type.application";
		};
/* End PBXNativeTarget section */

/* Begin PBXProject section */
		C2B8425E255AE2AF00BCD974 /* Project object */ = {
			isa = PBXProject;
			attributes = {
				LastSwiftUpdateCheck = 1160;
				LastUpgradeCheck = 1160;
				ORGANIZATIONNAME = "Ahmet Giray Uçar";
				TargetAttributes = {
					C2B84265255AE2AF00BCD974 = {
						CreatedOnToolsVersion = 11.6;
					};
				};
			};
			buildConfigurationList = C2B84261255AE2AF00BCD974 /* Build configuration list for PBXProject "Game 1 Example" */;
			compatibilityVersion = "Xcode 9.3";
			developmentRegion = en;
			hasScannedForEncodings = 0;
			knownRegions = (
				en,
				Base,
			);
			mainGroup = C2B8425D255AE2AF00BCD974;
			productRefGroup = C2B84267255AE2AF00BCD974 /* Products */;
			projectDirPath = "";
			projectRoot = "";
			targets = (
				C2B84265255AE2AF00BCD974 /* Game 1 Example */,
			);
		};
/* End PBXProject section */

/* Begin PBXResourcesBuildPhase section */
		C2B84264255AE2AF00BCD974 /* Resources */ = {
			isa = PBXResourcesBuildPhase;
			buildActionMask = 2147483647;
			files = (
				C2B84276255AE2B100BCD974 /* LaunchScreen.storyboard in Resources */,
				C2B84273255AE2B100BCD974 /* Assets.xcassets in Resources */,
				C2B84271255AE2AF00BCD974 /* Main.storyboard in Resources */,
			);
			runOnlyForDeploymentPostprocessing = 0;
		};
/* End PBXResourcesBuildPhase section */

/* Begin PBXSourcesBuildPhase section */
		C2B84262255AE2AF00BCD974 /* Sources */ = {
			isa = PBXSourcesBuildPhase;
			buildActionMask = 2147483647;
			files = (
				C2B8426E255AE2AF00BCD974 /* ViewController.swift in Sources */,
				C2B8426A255AE2AF00BCD974 /* AppDelegate.swift in Sources */,
				C2B8426C255AE2AF00BCD974 /* SceneDelegate.swift in Sources */,
			);
			runOnlyForDeploymentPostprocessing = 0;
		};
/* End PBXSourcesBuildPhase section */

/* Begin PBXVariantGroup section */
		C2B8426F255AE2AF00BCD974 /* Main.storyboard */ = {
			isa = PBXVariantGroup;
			children = (
				C2B84270255AE2AF00BCD974 /* Base */,
			);
			name = Main.storyboard;
			sourceTree = "<group>";
		};
		C2B84274255AE2B100BCD974 /* LaunchScreen.storyboard */ = {
			isa = PBXVariantGroup;
			children = (
				C2B84275255AE2B100BCD974 /* Base */,
			);
			name = LaunchScreen.storyboard;
			sourceTree = "<group>";
		};
/* End PBXVariantGroup section */

/* Begin XCBuildConfiguration section */
		C2B84278255AE2B100BCD974 /* Debug */ = {
			isa = XCBuildConfiguration;
			buildSettings = {
				ALWAYS_SEARCH_USER_PATHS = NO;
				CLANG_ANALYZER_NONNULL = YES;
				CLANG_ANALYZER_NUMBER_OBJECT_CONVERSION = YES_AGGRESSIVE;
				CLANG_CXX_LANGUAGE_STANDARD = "gnu++14";
				CLANG_CXX_LIBRARY = "libc++";
				CLANG_ENABLE_MODULES = YES;
				CLANG_ENABLE_OBJC_ARC = YES;
				CLANG_ENABLE_OBJC_WEAK = YES;
				CLANG_WARN_BLOCK_CAPTURE_AUTORELEASING = YES;
				CLANG_WARN_BOOL_CONVERSION = YES;
				CLANG_WARN_COMMA = YES;
				CLANG_WARN_CONSTANT_CONVERSION = YES;
				CLANG_WARN_DEPRECATED_OBJC_IMPLEMENTATIONS = YES;
				CLANG_WARN_DIRECT_OBJC_ISA_USAGE = YES_ERROR;
				CLANG_WARN_DOCUMENTATION_COMMENTS = YES;
				CLANG_WARN_EMPTY_BODY = YES;
				CLANG_WARN_ENUM_CONVERSION = YES;
				CLANG_WARN_INFINITE_RECURSION = YES;
				CLANG_WARN_INT_CONVERSION = YES;
				CLANG_WARN_NON_LITERAL_NULL_CONVERSION = YES;
				CLANG_WARN_OBJC_IMPLICIT_RETAIN_SELF = YES;
				CLANG_WARN_OBJC_LITERAL_CONVERSION = YES;
				CLANG_WARN_OBJC_ROOT_CLASS = YES_ERROR;
				CLANG_WARN_RANGE_LOOP_ANALYSIS = YES;
				CLANG_WARN_STRICT_PROTOTYPES = YES;
				CLANG_WARN_SUSPICIOUS_MOVE = YES;
				CLANG_WARN_UNGUARDED_AVAILABILITY = YES_AGGRESSIVE;
				CLANG_WARN_UNREACHABLE_CODE = YES;
				CLANG_WARN__DUPLICATE_METHOD_MATCH = YES;
				COPY_PHASE_STRIP = NO;
				DEBUG_INFORMATION_FORMAT = dwarf;
				ENABLE_STRICT_OBJC_MSGSEND = YES;
				ENABLE_TESTABILITY = YES;
				GCC_C_LANGUAGE_STANDARD = gnu11;
				GCC_DYNAMIC_NO_PIC = NO;
				GCC_NO_COMMON_BLOCKS = YES;
				GCC_OPTIMIZATION_LEVEL = 0;
				GCC_PREPROCESSOR_DEFINITIONS = (
					"DEBUG=1",
					"$(inherited)",
				);
				GCC_WARN_64_TO_32_BIT_CONVERSION = YES;
				GCC_WARN_ABOUT_RETURN_TYPE = YES_ERROR;
				GCC_WARN_UNDECLARED_SELECTOR = YES;
				GCC_WARN_UNINITIALIZED_AUTOS = YES_AGGRESSIVE;
				GCC_WARN_UNUSED_FUNCTION = YES;
				GCC_WARN_UNUSED_VARIABLE = YES;
				IPHONEOS_DEPLOYMENT_TARGET = 13.6;
				MTL_ENABLE_DEBUG_INFO = INCLUDE_SOURCE;
				MTL_FAST_MATH = YES;
				ONLY_ACTIVE_ARCH = YES;
				SDKROOT = iphoneos;
				SWIFT_ACTIVE_COMPILATION_CONDITIONS = DEBUG;
				SWIFT_OPTIMIZATION_LEVEL = "-Onone";
			};
			name = Debug;
		};
		C2B84279255AE2B100BCD974 /* Release */ = {
			isa = XCBuildConfiguration;
			buildSettings = {
				ALWAYS_SEARCH_USER_PATHS = NO;
				CLANG_ANALYZER_NONNULL = YES;
				CLANG_ANALYZER_NUMBER_OBJECT_CONVERSION = YES_AGGRESSIVE;
				CLANG_CXX_LANGUAGE_STANDARD = "gnu++14";
				CLANG_CXX_LIBRARY = "libc++";
				CLANG_ENABLE_MODULES = YES;
				CLANG_ENABLE_OBJC_ARC = YES;
				CLANG_ENABLE_OBJC_WEAK = YES;
				CLANG_WARN_BLOCK_CAPTURE_AUTORELEASING = YES;
				CLANG_WARN_BOOL_CONVERSION = YES;
				CLANG_WARN_COMMA = YES;
				CLANG_WARN_CONSTANT_CONVERSION = YES;
				CLANG_WARN_DEPRECATED_OBJC_IMPLEMENTATIONS = YES;
				CLANG_WARN_DIRECT_OBJC_ISA_USAGE = YES_ERROR;
				CLANG_WARN_DOCUMENTATION_COMMENTS = YES;
				CLANG_WARN_EMPTY_BODY = YES;
				CLANG_WARN_ENUM_CONVERSION = YES;
				CLANG_WARN_INFINITE_RECURSION = YES;
				CLANG_WARN_INT_CONVERSION = YES;
				CLANG_WARN_NON_LITERAL_NULL_CONVERSION = YES;
				CLANG_WARN_OBJC_IMPLICIT_RETAIN_SELF = YES;
				CLANG_WARN_OBJC_LITERAL_CONVERSION = YES;
				CLANG_WARN_OBJC_ROOT_CLASS = YES_ERROR;
				CLANG_WARN_RANGE_LOOP_ANALYSIS = YES;
				CLANG_WARN_STRICT_PROTOTYPES = YES;
				CLANG_WARN_SUSPICIOUS_MOVE = YES;
				CLANG_WARN_UNGUARDED_AVAILABILITY = YES_AGGRESSIVE;
				CLANG_WARN_UNREACHABLE_CODE = YES;
				CLANG_WARN__DUPLICATE_METHOD_MATCH = YES;
				COPY_PHASE_STRIP = NO;
				DEBUG_INFORMATION_FORMAT = "dwarf-with-dsym";
				ENABLE_NS_ASSERTIONS = NO;
				ENABLE_STRICT_OBJC_MSGSEND = YES;
				GCC_C_LANGUAGE_STANDARD = gnu11;
				GCC_NO_COMMON_BLOCKS = YES;
				GCC_WARN_64_TO_32_BIT_CONVERSION = YES;
				GCC_WARN_ABOUT_RETURN_TYPE = YES_ERROR;
				GCC_WARN_UNDECLARED_SELECTOR = YES;
				GCC_WARN_UNINITIALIZED_AUTOS = YES_AGGRESSIVE;
				GCC_WARN_UNUSED_FUNCTION = YES;
				GCC_WARN_UNUSED_VARIABLE = YES;
				IPHONEOS_DEPLOYMENT_TARGET = 13.6;
				MTL_ENABLE_DEBUG_INFO = NO;
				MTL_FAST_MATH = YES;
				SDKROOT = iphoneos;
				SWIFT_COMPILATION_MODE = wholemodule;
				SWIFT_OPTIMIZATION_LEVEL = "-O";
				VALIDATE_PRODUCT = YES;
			};
			name = Release;
		};
		C2B8427B255AE2B100BCD974 /* Debug */ = {
			isa = XCBuildConfiguration;
			buildSettings = {
				ASSETCATALOG_COMPILER_APPICON_NAME = AppIcon;
				CODE_SIGN_STYLE = Automatic;
				DEVELOPMENT_TEAM = SRDDFQ29BU;
				INFOPLIST_FILE = "Game 1 Example/Info.plist";
				LD_RUNPATH_SEARCH_PATHS = (
					"$(inherited)",
					"@executable_path/Frameworks",
				);
				PRODUCT_BUNDLE_IDENTIFIER = "girayucar.Game-1-Example";
				PRODUCT_NAME = "$(TARGET_NAME)";
				SWIFT_VERSION = 5.0;
				TARGETED_DEVICE_FAMILY = "1,2";
			};
			name = Debug;
		};
		C2B8427C255AE2B100BCD974 /* Release */ = {
			isa = XCBuildConfiguration;
			buildSettings = {
				ASSETCATALOG_COMPILER_APPICON_NAME = AppIcon;
				CODE_SIGN_STYLE = Automatic;
				DEVELOPMENT_TEAM = SRDDFQ29BU;
				INFOPLIST_FILE = "Game 1 Example/Info.plist";
				LD_RUNPATH_SEARCH_PATHS = (
					"$(inherited)",
					"@executable_path/Frameworks",
				);
				PRODUCT_BUNDLE_IDENTIFIER = "girayucar.Game-1-Example";
				PRODUCT_NAME = "$(TARGET_NAME)";
				SWIFT_VERSION = 5.0;
				TARGETED_DEVICE_FAMILY = "1,2";
			};
			name = Release;
		};
/* End XCBuildConfiguration section */

/* Begin XCConfigurationList section */
		C2B84261255AE2AF00BCD974 /* Build configuration list for PBXProject "Game 1 Example" */ = {
			isa = XCConfigurationList;
			buildConfigurations = (
				C2B84278255AE2B100BCD974 /* Debug */,
				C2B84279255AE2B100BCD974 /* Release */,
			);
			defaultConfigurationIsVisible = 0;
			defaultConfigurationName = Release;
		};
		C2B8427A255AE2B100BCD974 /* Build configuration list for PBXNativeTarget "Game 1 Example" */ = {
			isa = XCConfigurationList;
			buildConfigurations = (
				C2B8427B255AE2B100BCD974 /* Debug */,
				C2B8427C255AE2B100BCD974 /* Release */,
			);
			defaultConfigurationIsVisible = 0;
			defaultConfigurationName = Release;
		};
/* End XCConfigurationList section */
	};
	rootObject = C2B8425E255AE2AF00BCD974 /* Project object */;
}
