// !$*UTF8*$!
{
	archiveVersion = 1;
	classes = {
	};
	objectVersion = 50;
	objects = {

/* Begin PBXBuildFile section */
		C20B8EB3255EE62B006C4B61 /* AppDelegate.swift in Sources */ = {isa = PBXBuildFile; fileRef = C20B8EB2255EE62B006C4B61 /* AppDelegate.swift */; };
		C20B8EB5255EE62B006C4B61 /* SceneDelegate.swift in Sources */ = {isa = PBXBuildFile; fileRef = C20B8EB4255EE62B006C4B61 /* SceneDelegate.swift */; };
		C20B8EB7255EE62B006C4B61 /* ViewController.swift in Sources */ = {isa = PBXBuildFile; fileRef = C20B8EB6255EE62B006C4B61 /* ViewController.swift */; };
		C20B8EBA255EE62B006C4B61 /* Main.storyboard in Resources */ = {isa = PBXBuildFile; fileRef = C20B8EB8255EE62B006C4B61 /* Main.storyboard */; };
		C20B8EBD255EE62B006C4B61 /* Team_Lists.xcdatamodeld in Sources */ = {isa = PBXBuildFile; fileRef = C20B8EBB255EE62B006C4B61 /* Team_Lists.xcdatamodeld */; };
		C20B8EBF255EE62D006C4B61 /* Assets.xcassets in Resources */ = {isa = PBXBuildFile; fileRef = C20B8EBE255EE62D006C4B61 /* Assets.xcassets */; };
		C20B8EC2255EE62D006C4B61 /* LaunchScreen.storyboard in Resources */ = {isa = PBXBuildFile; fileRef = C20B8EC0255EE62D006C4B61 /* LaunchScreen.storyboard */; };
		C20B8ECA255EE661006C4B61 /* DetailViewController.swift in Sources */ = {isa = PBXBuildFile; fileRef = C20B8EC9255EE661006C4B61 /* DetailViewController.swift */; };
/* End PBXBuildFile section */

/* Begin PBXFileReference section */
		C20B8EAF255EE62B006C4B61 /* Team Lists.app */ = {isa = PBXFileReference; explicitFileType = wrapper.application; includeInIndex = 0; path = "Team Lists.app"; sourceTree = BUILT_PRODUCTS_DIR; };
		C20B8EB2255EE62B006C4B61 /* AppDelegate.swift */ = {isa = PBXFileReference; lastKnownFileType = sourcecode.swift; path = AppDelegate.swift; sourceTree = "<group>"; };
		C20B8EB4255EE62B006C4B61 /* SceneDelegate.swift */ = {isa = PBXFileReference; lastKnownFileType = sourcecode.swift; path = SceneDelegate.swift; sourceTree = "<group>"; };
		C20B8EB6255EE62B006C4B61 /* ViewController.swift */ = {isa = PBXFileReference; lastKnownFileType = sourcecode.swift; path = ViewController.swift; sourceTree = "<group>"; };
		C20B8EB9255EE62B006C4B61 /* Base */ = {isa = PBXFileReference; lastKnownFileType = file.storyboard; name = Base; path = Base.lproj/Main.storyboard; sourceTree = "<group>"; };
		C20B8EBC255EE62B006C4B61 /* Team_Lists.xcdatamodel */ = {isa = PBXFileReference; lastKnownFileType = wrapper.xcdatamodel; path = Team_Lists.xcdatamodel; sourceTree = "<group>"; };
		C20B8EBE255EE62D006C4B61 /* Assets.xcassets */ = {isa = PBXFileReference; lastKnownFileType = folder.assetcatalog; path = Assets.xcassets; sourceTree = "<group>"; };
		C20B8EC1255EE62D006C4B61 /* Base */ = {isa = PBXFileReference; lastKnownFileType = file.storyboard; name = Base; path = Base.lproj/LaunchScreen.storyboard; sourceTree = "<group>"; };
		C20B8EC3255EE62D006C4B61 /* Info.plist */ = {isa = PBXFileReference; lastKnownFileType = text.plist.xml; path = Info.plist; sourceTree = "<group>"; };
		C20B8EC9255EE661006C4B61 /* DetailViewController.swift */ = {isa = PBXFileReference; lastKnownFileType = sourcecode.swift; path = DetailViewController.swift; sourceTree = "<group>"; };
/* End PBXFileReference section */

/* Begin PBXFrameworksBuildPhase section */
		C20B8EAC255EE62B006C4B61 /* Frameworks */ = {
			isa = PBXFrameworksBuildPhase;
			buildActionMask = 2147483647;
			files = (
			);
			runOnlyForDeploymentPostprocessing = 0;
		};
/* End PBXFrameworksBuildPhase section */

/* Begin PBXGroup section */
		C20B8EA6255EE62B006C4B61 = {
			isa = PBXGroup;
			children = (
				C20B8EB1255EE62B006C4B61 /* Team Lists */,
				C20B8EB0255EE62B006C4B61 /* Products */,
			);
			sourceTree = "<group>";
		};
		C20B8EB0255EE62B006C4B61 /* Products */ = {
			isa = PBXGroup;
			children = (
				C20B8EAF255EE62B006C4B61 /* Team Lists.app */,
			);
			name = Products;
			sourceTree = "<group>";
		};
		C20B8EB1255EE62B006C4B61 /* Team Lists */ = {
			isa = PBXGroup;
			children = (
				C20B8EB2255EE62B006C4B61 /* AppDelegate.swift */,
				C20B8EB4255EE62B006C4B61 /* SceneDelegate.swift */,
				C20B8EB6255EE62B006C4B61 /* ViewController.swift */,
				C20B8EB8255EE62B006C4B61 /* Main.storyboard */,
				C20B8EC9255EE661006C4B61 /* DetailViewController.swift */,
				C20B8EBE255EE62D006C4B61 /* Assets.xcassets */,
				C20B8EC0255EE62D006C4B61 /* LaunchScreen.storyboard */,
				C20B8EC3255EE62D006C4B61 /* Info.plist */,
				C20B8EBB255EE62B006C4B61 /* Team_Lists.xcdatamodeld */,
			);
			path = "Team Lists";
			sourceTree = "<group>";
		};
/* End PBXGroup section */

/* Begin PBXNativeTarget section */
		C20B8EAE255EE62B006C4B61 /* Team Lists */ = {
			isa = PBXNativeTarget;
			buildConfigurationList = C20B8EC6255EE62D006C4B61 /* Build configuration list for PBXNativeTarget "Team Lists" */;
			buildPhases = (
				C20B8EAB255EE62B006C4B61 /* Sources */,
				C20B8EAC255EE62B006C4B61 /* Frameworks */,
				C20B8EAD255EE62B006C4B61 /* Resources */,
			);
			buildRules = (
			);
			dependencies = (
			);
			name = "Team Lists";
			productName = "Team Lists";
			productReference = C20B8EAF255EE62B006C4B61 /* Team Lists.app */;
			productType = "com.apple.product-type.application";
		};
/* End PBXNativeTarget section */

/* Begin PBXProject section */
		C20B8EA7255EE62B006C4B61 /* Project object */ = {
			isa = PBXProject;
			attributes = {
				LastSwiftUpdateCheck = 1160;
				LastUpgradeCheck = 1160;
				ORGANIZATIONNAME = "Ahmet Giray Uçar";
				TargetAttributes = {
					C20B8EAE255EE62B006C4B61 = {
						CreatedOnToolsVersion = 11.6;
					};
				};
			};
			buildConfigurationList = C20B8EAA255EE62B006C4B61 /* Build configuration list for PBXProject "Team Lists" */;
			compatibilityVersion = "Xcode 9.3";
			developmentRegion = en;
			hasScannedForEncodings = 0;
			knownRegions = (
				en,
				Base,
			);
			mainGroup = C20B8EA6255EE62B006C4B61;
			productRefGroup = C20B8EB0255EE62B006C4B61 /* Products */;
			projectDirPath = "";
			projectRoot = "";
			targets = (
				C20B8EAE255EE62B006C4B61 /* Team Lists */,
			);
		};
/* End PBXProject section */

/* Begin PBXResourcesBuildPhase section */
		C20B8EAD255EE62B006C4B61 /* Resources */ = {
			isa = PBXResourcesBuildPhase;
			buildActionMask = 2147483647;
			files = (
				C20B8EC2255EE62D006C4B61 /* LaunchScreen.storyboard in Resources */,
				C20B8EBF255EE62D006C4B61 /* Assets.xcassets in Resources */,
				C20B8EBA255EE62B006C4B61 /* Main.storyboard in Resources */,
			);
			runOnlyForDeploymentPostprocessing = 0;
		};
/* End PBXResourcesBuildPhase section */

/* Begin PBXSourcesBuildPhase section */
		C20B8EAB255EE62B006C4B61 /* Sources */ = {
			isa = PBXSourcesBuildPhase;
			buildActionMask = 2147483647;
			files = (
				C20B8EBD255EE62B006C4B61 /* Team_Lists.xcdatamodeld in Sources */,
				C20B8EB7255EE62B006C4B61 /* ViewController.swift in Sources */,
				C20B8ECA255EE661006C4B61 /* DetailViewController.swift in Sources */,
				C20B8EB3255EE62B006C4B61 /* AppDelegate.swift in Sources */,
				C20B8EB5255EE62B006C4B61 /* SceneDelegate.swift in Sources */,
			);
			runOnlyForDeploymentPostprocessing = 0;
		};
/* End PBXSourcesBuildPhase section */

/* Begin PBXVariantGroup section */
		C20B8EB8255EE62B006C4B61 /* Main.storyboard */ = {
			isa = PBXVariantGroup;
			children = (
				C20B8EB9255EE62B006C4B61 /* Base */,
			);
			name = Main.storyboard;
			sourceTree = "<group>";
		};
		C20B8EC0255EE62D006C4B61 /* LaunchScreen.storyboard */ = {
			isa = PBXVariantGroup;
			children = (
				C20B8EC1255EE62D006C4B61 /* Base */,
			);
			name = LaunchScreen.storyboard;
			sourceTree = "<group>";
		};
/* End PBXVariantGroup section */

/* Begin XCBuildConfiguration section */
		C20B8EC4255EE62D006C4B61 /* Debug */ = {
			isa = XCBuildConfiguration;
			buildSettings = {
				ALWAYS_SEARCH_USER_PATHS = NO;
				CLANG_ANALYZER_NONNULL = YES;
				CLANG_ANALYZER_NUMBER_OBJECT_CONVERSION = YES_AGGRESSIVE;
				CLANG_CXX_LANGUAGE_STANDARD = "gnu++14";
				CLANG_CXX_LIBRARY = "libc++";
				CLANG_ENABLE_MODULES = YES;
				CLANG_ENABLE_OBJC_ARC = YES;
				CLANG_ENABLE_OBJC_WEAK = YES;
				CLANG_WARN_BLOCK_CAPTURE_AUTORELEASING = YES;
				CLANG_WARN_BOOL_CONVERSION = YES;
				CLANG_WARN_COMMA = YES;
				CLANG_WARN_CONSTANT_CONVERSION = YES;
				CLANG_WARN_DEPRECATED_OBJC_IMPLEMENTATIONS = YES;
				CLANG_WARN_DIRECT_OBJC_ISA_USAGE = YES_ERROR;
				CLANG_WARN_DOCUMENTATION_COMMENTS = YES;
				CLANG_WARN_EMPTY_BODY = YES;
				CLANG_WARN_ENUM_CONVERSION = YES;
				CLANG_WARN_INFINITE_RECURSION = YES;
				CLANG_WARN_INT_CONVERSION = YES;
				CLANG_WARN_NON_LITERAL_NULL_CONVERSION = YES;
				CLANG_WARN_OBJC_IMPLICIT_RETAIN_SELF = YES;
				CLANG_WARN_OBJC_LITERAL_CONVERSION = YES;
				CLANG_WARN_OBJC_ROOT_CLASS = YES_ERROR;
				CLANG_WARN_RANGE_LOOP_ANALYSIS = YES;
				CLANG_WARN_STRICT_PROTOTYPES = YES;
				CLANG_WARN_SUSPICIOUS_MOVE = YES;
				CLANG_WARN_UNGUARDED_AVAILABILITY = YES_AGGRESSIVE;
				CLANG_WARN_UNREACHABLE_CODE = YES;
				CLANG_WARN__DUPLICATE_METHOD_MATCH = YES;
				COPY_PHASE_STRIP = NO;
				DEBUG_INFORMATION_FORMAT = dwarf;
				ENABLE_STRICT_OBJC_MSGSEND = YES;
				ENABLE_TESTABILITY = YES;
				GCC_C_LANGUAGE_STANDARD = gnu11;
				GCC_DYNAMIC_NO_PIC = NO;
				GCC_NO_COMMON_BLOCKS = YES;
				GCC_OPTIMIZATION_LEVEL = 0;
				GCC_PREPROCESSOR_DEFINITIONS = (
					"DEBUG=1",
					"$(inherited)",
				);
				GCC_WARN_64_TO_32_BIT_CONVERSION = YES;
				GCC_WARN_ABOUT_RETURN_TYPE = YES_ERROR;
				GCC_WARN_UNDECLARED_SELECTOR = YES;
				GCC_WARN_UNINITIALIZED_AUTOS = YES_AGGRESSIVE;
				GCC_WARN_UNUSED_FUNCTION = YES;
				GCC_WARN_UNUSED_VARIABLE = YES;
				IPHONEOS_DEPLOYMENT_TARGET = 13.6;
				MTL_ENABLE_DEBUG_INFO = INCLUDE_SOURCE;
				MTL_FAST_MATH = YES;
				ONLY_ACTIVE_ARCH = YES;
				SDKROOT = iphoneos;
				SWIFT_ACTIVE_COMPILATION_CONDITIONS = DEBUG;
				SWIFT_OPTIMIZATION_LEVEL = "-Onone";
			};
			name = Debug;
		};
		C20B8EC5255EE62D006C4B61 /* Release */ = {
			isa = XCBuildConfiguration;
			buildSettings = {
				ALWAYS_SEARCH_USER_PATHS = NO;
				CLANG_ANALYZER_NONNULL = YES;
				CLANG_ANALYZER_NUMBER_OBJECT_CONVERSION = YES_AGGRESSIVE;
				CLANG_CXX_LANGUAGE_STANDARD = "gnu++14";
				CLANG_CXX_LIBRARY = "libc++";
				CLANG_ENABLE_MODULES = YES;
				CLANG_ENABLE_OBJC_ARC = YES;
				CLANG_ENABLE_OBJC_WEAK = YES;
				CLANG_WARN_BLOCK_CAPTURE_AUTORELEASING = YES;
				CLANG_WARN_BOOL_CONVERSION = YES;
				CLANG_WARN_COMMA = YES;
				CLANG_WARN_CONSTANT_CONVERSION = YES;
				CLANG_WARN_DEPRECATED_OBJC_IMPLEMENTATIONS = YES;
				CLANG_WARN_DIRECT_OBJC_ISA_USAGE = YES_ERROR;
				CLANG_WARN_DOCUMENTATION_COMMENTS = YES;
				CLANG_WARN_EMPTY_BODY = YES;
				CLANG_WARN_ENUM_CONVERSION = YES;
				CLANG_WARN_INFINITE_RECURSION = YES;
				CLANG_WARN_INT_CONVERSION = YES;
				CLANG_WARN_NON_LITERAL_NULL_CONVERSION = YES;
				CLANG_WARN_OBJC_IMPLICIT_RETAIN_SELF = YES;
				CLANG_WARN_OBJC_LITERAL_CONVERSION = YES;
				CLANG_WARN_OBJC_ROOT_CLASS = YES_ERROR;
				CLANG_WARN_RANGE_LOOP_ANALYSIS = YES;
				CLANG_WARN_STRICT_PROTOTYPES = YES;
				CLANG_WARN_SUSPICIOUS_MOVE = YES;
				CLANG_WARN_UNGUARDED_AVAILABILITY = YES_AGGRESSIVE;
				CLANG_WARN_UNREACHABLE_CODE = YES;
				CLANG_WARN__DUPLICATE_METHOD_MATCH = YES;
				COPY_PHASE_STRIP = NO;
				DEBUG_INFORMATION_FORMAT = "dwarf-with-dsym";
				ENABLE_NS_ASSERTIONS = NO;
				ENABLE_STRICT_OBJC_MSGSEND = YES;
				GCC_C_LANGUAGE_STANDARD = gnu11;
				GCC_NO_COMMON_BLOCKS = YES;
				GCC_WARN_64_TO_32_BIT_CONVERSION = YES;
				GCC_WARN_ABOUT_RETURN_TYPE = YES_ERROR;
				GCC_WARN_UNDECLARED_SELECTOR = YES;
				GCC_WARN_UNINITIALIZED_AUTOS = YES_AGGRESSIVE;
				GCC_WARN_UNUSED_FUNCTION = YES;
				GCC_WARN_UNUSED_VARIABLE = YES;
				IPHONEOS_DEPLOYMENT_TARGET = 13.6;
				MTL_ENABLE_DEBUG_INFO = NO;
				MTL_FAST_MATH = YES;
				SDKROOT = iphoneos;
				SWIFT_COMPILATION_MODE = wholemodule;
				SWIFT_OPTIMIZATION_LEVEL = "-O";
				VALIDATE_PRODUCT = YES;
			};
			name = Release;
		};
		C20B8EC7255EE62D006C4B61 /* Debug */ = {
			isa = XCBuildConfiguration;
			buildSettings = {
				ASSETCATALOG_COMPILER_APPICON_NAME = AppIcon;
				CODE_SIGN_STYLE = Automatic;
				DEVELOPMENT_TEAM = SRDDFQ29BU;
				INFOPLIST_FILE = "Team Lists/Info.plist";
				LD_RUNPATH_SEARCH_PATHS = (
					"$(inherited)",
					"@executable_path/Frameworks",
				);
				PRODUCT_BUNDLE_IDENTIFIER = "girayucar.Team-Lists";
				PRODUCT_NAME = "$(TARGET_NAME)";
				SWIFT_VERSION = 5.0;
				TARGETED_DEVICE_FAMILY = "1,2";
			};
			name = Debug;
		};
		C20B8EC8255EE62D006C4B61 /* Release */ = {
			isa = XCBuildConfiguration;
			buildSettings = {
				ASSETCATALOG_COMPILER_APPICON_NAME = AppIcon;
				CODE_SIGN_STYLE = Automatic;
				DEVELOPMENT_TEAM = SRDDFQ29BU;
				INFOPLIST_FILE = "Team Lists/Info.plist";
				LD_RUNPATH_SEARCH_PATHS = (
					"$(inherited)",
					"@executable_path/Frameworks",
				);
				PRODUCT_BUNDLE_IDENTIFIER = "girayucar.Team-Lists";
				PRODUCT_NAME = "$(TARGET_NAME)";
				SWIFT_VERSION = 5.0;
				TARGETED_DEVICE_FAMILY = "1,2";
			};
			name = Release;
		};
/* End XCBuildConfiguration section */

/* Begin XCConfigurationList section */
		C20B8EAA255EE62B006C4B61 /* Build configuration list for PBXProject "Team Lists" */ = {
			isa = XCConfigurationList;
			buildConfigurations = (
				C20B8EC4255EE62D006C4B61 /* Debug */,
				C20B8EC5255EE62D006C4B61 /* Release */,
			);
			defaultConfigurationIsVisible = 0;
			defaultConfigurationName = Release;
		};
		C20B8EC6255EE62D006C4B61 /* Build configuration list for PBXNativeTarget "Team Lists" */ = {
			isa = XCConfigurationList;
			buildConfigurations = (
				C20B8EC7255EE62D006C4B61 /* Debug */,
				C20B8EC8255EE62D006C4B61 /* Release */,
			);
			defaultConfigurationIsVisible = 0;
			defaultConfigurationName = Release;
		};
/* End XCConfigurationList section */

/* Begin XCVersionGroup section */
		C20B8EBB255EE62B006C4B61 /* Team_Lists.xcdatamodeld */ = {
			isa = XCVersionGroup;
			children = (
				C20B8EBC255EE62B006C4B61 /* Team_Lists.xcdatamodel */,
			);
			currentVersion = C20B8EBC255EE62B006C4B61 /* Team_Lists.xcdatamodel */;
			path = Team_Lists.xcdatamodeld;
			sourceTree = "<group>";
			versionGroupType = wrapper.xcdatamodel;
		};
/* End XCVersionGroup section */
	};
	rootObject = C20B8EA7255EE62B006C4B61 /* Project object */;
}
